
Microsoft Visual Studio Solution File, Format Version 12.00
# Visual Studio 2012
Project("{8BC9CEB8-8B4A-11D0-8D11-00A0C91BC942}") = "VoiceCodecMgr", "VoiceCodecMgr.vcxproj", "{07E1C134-A738-489E-AD2C-9F2CD3C73D5A}"
EndProject
Global
	GlobalSection(SolutionConfigurationPlatforms) = preSolution
		Debug|Win32 = Debug|Win32
		Release|Win32 = Release|Win32
	EndGlobalSection
	GlobalSection(ProjectConfigurationPlatforms) = postSolution
		{07E1C134-A738-489E-AD2C-9F2CD3C73D5A}.Debug|Win32.ActiveCfg = Debug|Win32
		{07E1C134-A738-489E-AD2C-9F2CD3C73D5A}.Debug|Win32.Build.0 = Debug|Win32
		{07E1C134-A738-489E-AD2C-9F2CD3C73D5A}.Release|Win32.ActiveCfg = Release|Win32
		{07E1C134-A738-489E-AD2C-9F2CD3C73D5A}.Release|Win32.Build.0 = Release|Win32
	EndGlobalSection
	GlobalSection(SolutionProperties) = preSolution
		HideSolutionNode = FALSE
	EndGlobalSection
EndGlobal
