<?xml version="1.0" encoding="utf-8"?>
<Project ToolsVersion="4.0" xmlns="http://schemas.microsoft.com/developer/msbuild/2003">
  <ItemGroup>
    <Filter Include="Source Files">
      <UniqueIdentifier>{4FC737F1-C7A5-4376-A066-2A32D752A2FF}</UniqueIdentifier>
      <Extensions>cpp;c;cc;cxx;def;odl;idl;hpj;bat;asm;asmx</Extensions>
    </Filter>
    <Filter Include="Header Files">
      <UniqueIdentifier>{93995380-89BD-4b04-88EB-625FBE52EBFB}</UniqueIdentifier>
      <Extensions>h;hpp;hxx;hm;inl;inc;xsd</Extensions>
    </Filter>
    <Filter Include="Resource Files">
      <UniqueIdentifier>{67DA6AB6-F800-4c08-8B7A-83BB121AAD01}</UniqueIdentifier>
      <Extensions>rc;ico;cur;bmp;dlg;rc2;rct;bin;rgs;gif;jpg;jpeg;jpe;resx;tiff;tif;png;wav;mfcribbon-ms</Extensions>
    </Filter>
  </ItemGroup>
  <ItemGroup>
    <ClCompile Include="Main.cpp">
      <Filter>Source Files</Filter>
    </ClCompile>
    <ClCompile Include="Timer.cpp">
      <Filter>Source Files</Filter>
    </ClCompile>
    <ClCompile Include="MultiThread.cpp">
      <Filter>Source Files</Filter>
    </ClCompile>
    <ClCompile Include="CRC32.cpp">
      <Filter>Source Files</Filter>
    </ClCompile>
    <ClCompile Include="Buffer.cpp">
      <Filter>Source Files</Filter>
    </ClCompile>
    <ClCompile Include="ThreadMode.cpp">
      <Filter>Source Files</Filter>
    </ClCompile>
    <ClCompile Include="MetaUTIL.cpp">
      <Filter>Source Files</Filter>
    </ClCompile>
    <ClCompile Include="EngineUTIL.cpp">
      <Filter>Source Files</Filter>
    </ClCompile>
    <ClCompile Include="Engine.cpp">
      <Filter>Source Files</Filter>
    </ClCompile>
    <ClCompile Include="SteamID.cpp">
      <Filter>Source Files</Filter>
    </ClCompile>
    <ClCompile Include="VoiceCodec_Speex.cpp">
      <Filter>Source Files</Filter>
    </ClCompile>
    <ClCompile Include="Hook_Begin.cpp">
      <Filter>Source Files</Filter>
    </ClCompile>
    <ClCompile Include="Patch.cpp">
      <Filter>Source Files</Filter>
    </ClCompile>
    <ClCompile Include="Library.cpp">
      <Filter>Source Files</Filter>
    </ClCompile>
    <ClCompile Include="Section.cpp">
      <Filter>Source Files</Filter>
    </ClCompile>
    <ClCompile Include="Template.cpp">
      <Filter>Source Files</Filter>
    </ClCompile>
    <ClCompile Include="HookList.cpp">
      <Filter>Source Files</Filter>
    </ClCompile>
    <ClCompile Include="Hook_Call.cpp">
      <Filter>Source Files</Filter>
    </ClCompile>
  </ItemGroup>
  <ItemGroup>
    <ClInclude Include="Util.h">
      <Filter>Header Files</Filter>
    </ClInclude>
    <ClInclude Include="UtilTypes.h">
      <Filter>Header Files</Filter>
    </ClInclude>
    <ClInclude Include="MultiThread.h">
      <Filter>Header Files</Filter>
    </ClInclude>
    <ClInclude Include="NetMsgBuf.h">
      <Filter>Header Files</Filter>
    </ClInclude>
    <ClInclude Include="Timer.h">
      <Filter>Header Files</Filter>
    </ClInclude>
    <ClInclude Include="CRC32.h">
      <Filter>Header Files</Filter>
    </ClInclude>
    <ClInclude Include="Buffer.h">
      <Filter>Header Files</Filter>
    </ClInclude>
    <ClInclude Include="ThreadMode.h">
      <Filter>Header Files</Filter>
    </ClInclude>
    <ClInclude Include="Main.h">
      <Filter>Header Files</Filter>
    </ClInclude>
    <ClInclude Include="MetaUTIL.h">
      <Filter>Header Files</Filter>
    </ClInclude>
    <ClInclude Include="EngineUTIL.h">
      <Filter>Header Files</Filter>
    </ClInclude>
    <ClInclude Include="Engine.h">
      <Filter>Header Files</Filter>
    </ClInclude>
    <ClInclude Include="SteamID.h">
      <Filter>Header Files</Filter>
    </ClInclude>
    <ClInclude Include="VoiceCodec.h">
      <Filter>Header Files</Filter>
    </ClInclude>
    <ClInclude Include="VoiceCodec_Speex.h">
      <Filter>Header Files</Filter>
    </ClInclude>
    <ClInclude Include="Hook.h">
      <Filter>Header Files</Filter>
    </ClInclude>
    <ClInclude Include="Hook_Begin.h">
      <Filter>Header Files</Filter>
    </ClInclude>
    <ClInclude Include="Patch.h">
      <Filter>Header Files</Filter>
    </ClInclude>
    <ClInclude Include="Library.h">
      <Filter>Header Files</Filter>
    </ClInclude>
    <ClInclude Include="Section.h">
      <Filter>Header Files</Filter>
    </ClInclude>
    <ClInclude Include="Template.h">
      <Filter>Header Files</Filter>
    </ClInclude>
    <ClInclude Include="HookList.h">
      <Filter>Header Files</Filter>
    </ClInclude>
    <ClInclude Include="List.h">
      <Filter>Header Files</Filter>
    </ClInclude>
    <ClInclude Include="Hook_Call.h">
      <Filter>Header Files</Filter>
    </ClInclude>
  </ItemGroup>
</Project>